<?xml version="1.0" encoding="utf-8"?>
<Project ToolsVersion="4.0" xmlns="http://schemas.microsoft.com/developer/msbuild/2003">
  <ItemGroup>
    <Filter Include="Source Files">
      <UniqueIdentifier>{4FC737F1-C7A5-4376-A066-2A32D752A2FF}</UniqueIdentifier>
      <Extensions>cpp;c;cc;cxx;def;odl;idl;hpj;bat;asm;asmx</Extensions>
    </Filter>
    <Filter Include="Header Files">
      <UniqueIdentifier>{93995380-89BD-4b04-88EB-625FBE52EBFB}</UniqueIdentifier>
      <Extensions>h;hh;hpp;hxx;hm;inl;inc;xsd</Extensions>
    </Filter>
    <Filter Include="Resource Files">
      <UniqueIdentifier>{67DA6AB6-F800-4c08-8B7A-83BB121AAD01}</UniqueIdentifier>
      <Extensions>rc;ico;cur;bmp;dlg;rc2;rct;bin;rgs;gif;jpg;jpeg;jpe;resx;tiff;tif;png;wav</Extensions>
    </Filter>
    <Filter Include="Header Files\constants">
      <UniqueIdentifier>{d38da9df-d22f-43f7-9712-cd9f30716180}</UniqueIdentifier>
    </Filter>
    <Filter Include="Header Files\monsters">
      <UniqueIdentifier>{731cbb55-73fa-4e62-b39b-de4ff3437786}</UniqueIdentifier>
    </Filter>
    <Filter Include="Source Files\monsters">
      <UniqueIdentifier>{f190e5a3-71b4-474f-93a2-67fe933e9480}</UniqueIdentifier>
    </Filter>
  </ItemGroup>
  <ItemGroup>
    <ClInclude Include="src\game.h">
      <Filter>Header Files</Filter>
    </ClInclude>
    <ClInclude Include="src\gameError.h">
      <Filter>Header Files</Filter>
    </ClInclude>
    <ClInclude Include="src\graphics.h">
      <Filter>Header Files</Filter>
    </ClInclude>
    <ClInclude Include="src\image.h">
      <Filter>Header Files</Filter>
    </ClInclude>
    <ClInclude Include="src\input.h">
      <Filter>Header Files</Filter>
    </ClInclude>
    <ClInclude Include="src\textureManager.h">
      <Filter>Header Files</Filter>
    </ClInclude>
    <ClInclude Include="src\entity.h">
      <Filter>Header Files</Filter>
    </ClInclude>
    <ClInclude Include="src\duck.h">
      <Filter>Header Files\monsters</Filter>
    </ClInclude>
    <ClInclude Include="src\constants.h">
      <Filter>Header Files\constants</Filter>
    </ClInclude>
    <ClInclude Include="src\player.h">
      <Filter>Header Files</Filter>
    </ClInclude>
    <ClInclude Include="src\entityConstants.h">
      <Filter>Header Files\constants</Filter>
    </ClInclude>
    <ClInclude Include="src\threechances.h">
      <Filter>Header Files</Filter>
    </ClInclude>
    <ClInclude Include="src\level.h">
      <Filter>Header Files</Filter>
    </ClInclude>
    <ClInclude Include="src\levelGrid.h">
      <Filter>Header Files</Filter>
    </ClInclude>
    <ClInclude Include="src\levelConstants.h">
      <Filter>Header Files\constants</Filter>
    </ClInclude>
    <ClInclude Include="src\ghost.h">
      <Filter>Header Files\monsters</Filter>
    </ClInclude>
    <ClInclude Include="src\sword.h">
      <Filter>Header Files</Filter>
    </ClInclude>
    <ClInclude Include="src\gameControl.h">
      <Filter>Header Files</Filter>
    </ClInclude>
    <ClInclude Include="src\hud.h">
      <Filter>Header Files</Filter>
    </ClInclude>
    <ClInclude Include="src\gameControl.h">
      <Filter>Header Files</Filter>
    </ClInclude>
    <ClInclude Include="src\font.h">
      <Filter>Header Files</Filter>
    </ClInclude>
    <ClInclude Include="src\entityGrid.h">
      <Filter>Header Files</Filter>
    </ClInclude>
    <ClInclude Include="src\moon.h">
      <Filter>Header Files\monsters</Filter>
    </ClInclude>
    <ClInclude Include="src\audio.h">
      <Filter>Header Files</Filter>
    </ClInclude>
    <ClInclude Include="src\slug.h">
      <Filter>Header Files\monsters</Filter>
    </ClInclude>
    <ClInclude Include="src\settings.h">
      <Filter>Header Files</Filter>
    </ClInclude>
  </ItemGroup>
  <ItemGroup>
    <ClCompile Include="src\game.cpp">
      <Filter>Source Files</Filter>
    </ClCompile>
    <ClCompile Include="src\graphics.cpp">
      <Filter>Source Files</Filter>
    </ClCompile>
    <ClCompile Include="src\image.cpp">
      <Filter>Source Files</Filter>
    </ClCompile>
    <ClCompile Include="src\input.cpp">
      <Filter>Source Files</Filter>
    </ClCompile>
    <ClCompile Include="src\textureManager.cpp">
      <Filter>Source Files</Filter>
    </ClCompile>
    <ClCompile Include="src\winmain.cpp">
      <Filter>Source Files</Filter>
    </ClCompile>
    <ClCompile Include="src\threechances.cpp">
      <Filter>Source Files</Filter>
    </ClCompile>
    <ClCompile Include="src\entity.cpp">
      <Filter>Source Files</Filter>
    </ClCompile>
    <ClCompile Include="src\duck.cpp">
      <Filter>Source Files\monsters</Filter>
    </ClCompile>
    <ClCompile Include="src\player.cpp">
      <Filter>Source Files</Filter>
    </ClCompile>
    <ClCompile Include="src\level.cpp">
      <Filter>Source Files</Filter>
    </ClCompile>
    <ClCompile Include="src\levelGrid.cpp">
      <Filter>Source Files</Filter>
    </ClCompile>
    <ClCompile Include="src\ghost.cpp">
      <Filter>Source Files\monsters</Filter>
    </ClCompile>
    <ClCompile Include="src\slug.cpp">
      <Filter>Source Files\monsters</Filter>
    </ClCompile>
    <ClCompile Include="src\sword.cpp">
      <Filter>Source Files</Filter>
    </ClCompile>
    <ClCompile Include="src\gameControl.cpp">
      <Filter>Source Files</Filter>
    </ClCompile>
    <ClCompile Include="src\hud.cpp">
      <Filter>Source Files</Filter>
    </ClCompile>
    <ClCompile Include="src\gameControl.cpp">
      <Filter>Source Files</Filter>
    </ClCompile>
    <ClCompile Include="src\font.cpp">
      <Filter>Source Files</Filter>
    </ClCompile>
    <ClCompile Include="src\entityGrid.cpp">
      <Filter>Source Files</Filter>
    </ClCompile>
    <ClCompile Include="src\moon.cpp">
      <Filter>Source Files\monsters</Filter>
    </ClCompile>
    <ClCompile Include="src\audio.cpp">
      <Filter>Source Files</Filter>
    </ClCompile>
    <ClCompile Include="src\settings.cpp">
      <Filter>Source Files</Filter>
    </ClCompile>
  </ItemGroup>
</Project>